schema=1
device=samsung-sm-n975f-d2s
soc=samsung-exynos9825

kernel.repo=LaurenceGuws/exynos-9825-mainline-linux
kernel.local_path=../exynos-9825-mainline-linux
kernel.branch=note10-mainline
kernel.proven_commit=a08d512a731a802f9ebc52c515a8254193b82790
kernel.image_sha256=dbcc5c3372d3bb4b9cda931b2d57ebe949821c3b0b74d7ba9bd5b2b96e86d839
kernel.config_sha256=314c3cea10b92a6078cf2eb2ede2fa11189d940d4d62bd810a280c446a287e37
kernel.signing_pem_sha256=34a430f87b6ad0be7cc63d65ff3f17e60ecac3e8d697eded70c6425e0345a1ef
kernel.signing_x509_sha256=44d337651ba5ec477b204a80582669c1e3c5a2b1af602c101f0ff8f05cd20d9e

dtb.sha256=6ec8f1894e4498fbfe6c6ffc9e2b6f1839bda0c6d0fd661123a1e768c4399bc6

initramfs.source=initramfs/init.zig
initramfs.cpio_gz_sha256=86875f16f3a59fc5c34a1cdfd6f2de411e16a01ee6095947f8fd862770791989

uniloader.upstream=https://github.com/ivoszbg/uniLoader.git
uniloader.base_commit=f45d73b344ce9ae8dab191836933ebfbed287afb
uniloader.patch=loader/patches/0001-arm64-mark-final-kernel-jump-state.patch
uniloader.patch_sha256=4f2d1aef42dee9b11241406192ef40237d0ce1b64d6c901e0712b8386ef3dfeb
uniloader.effective_source_commit=36ecc6a56967af0887af2a72fca81d091ae876a7
uniloader.effective_tree=49a6246d833253d8e2fe28d8d93605d549083dc1
uniloader.version_tag=36ecc6a
uniloader.build_date=2026-09-26_01:21:56_UTC
uniloader.llvm=Android_clang_21.0.0_r563880c
uniloader.sha256=f0f5cd7d4e8ba0124e4d2bf76ba79e4596fb529ccb7c9b44aff815a68d1247c2

boot.proven_sha256=906cc6e762260a4adef6eaecfaee05db6b3dbecaf752c525401630639fdb67b9
boot.size=57671680
boot.immutable_recovery_sha256=1a78e5117cf23b3cab5547da2369018066c9ddac27307e97fce46026647ae2f9
